
Microsoft Visual Studio Solution File, Format Version 12.00
# Visual Studio Version 17
VisualStudioVersion = 17.2.32519.379
MinimumVisualStudioVersion = 10.0.40219.1
Project("{FAE04EC0-301F-11D3-BF4B-00C04F79EFBC}") = "pdf_example", "pdf_example\pdf_example.csproj", "{CFDF43E1-8BD4-4CB2-976D-1FD2BB2A2B08}"
EndProject
Global
	GlobalSection(SolutionConfigurationPlatforms) = preSolution
		Debug|Any CPU = Debug|Any CPU
		Release|Any CPU = Release|Any CPU
	EndGlobalSection
	GlobalSection(ProjectConfigurationPlatforms) = postSolution
		{CFDF43E1-8BD4-4CB2-976D-1FD2BB2A2B08}.Debug|Any CPU.ActiveCfg = Debug|Any CPU
		{CFDF43E1-8BD4-4CB2-976D-1FD2BB2A2B08}.Debug|Any CPU.Build.0 = Debug|Any CPU
		{CFDF43E1-8BD4-4CB2-976D-1FD2BB2A2B08}.Release|Any CPU.ActiveCfg = Release|Any CPU
		{CFDF43E1-8BD4-4CB2-976D-1FD2BB2A2B08}.Release|Any CPU.Build.0 = Release|Any CPU
	EndGlobalSection
	GlobalSection(SolutionProperties) = preSolution
		HideSolutionNode = FALSE
	EndGlobalSection
	GlobalSection(ExtensibilityGlobals) = postSolution
		SolutionGuid = {3221906B-8E2D-4D5A-9EA7-EB892417CBB3}
	EndGlobalSection
EndGlobal
